
Microsoft Visual Studio Solution File, Format Version 12.00
# Visual Studio Version 17
VisualStudioVersion = 17.7.34221.43
MinimumVisualStudioVersion = 10.0.40219.1
Project("{9A19103F-16F7-4668-BE54-9A1E7A4F7556}") = "Aim_2_MoTeC", "Aim_2_MoTeC\Aim_2_MoTeC.csproj", "{2C20B391-982E-485F-80F3-20FC92F9D739}"
EndProject
Global
	GlobalSection(SolutionConfigurationPlatforms) = preSolution
		Debug|Any CPU = Debug|Any CPU
		Debug|x64 = Debug|x64
		Debug|x86 = Debug|x86
		Release|Any CPU = Release|Any CPU
		Release|x64 = Release|x64
		Release|x86 = Release|x86
	EndGlobalSection
	GlobalSection(ProjectConfigurationPlatforms) = postSolution
		{2C20B391-982E-485F-80F3-20FC92F9D739}.Debug|Any CPU.ActiveCfg = Debug|Any CPU
		{2C20B391-982E-485F-80F3-20FC92F9D739}.Debug|Any CPU.Build.0 = Debug|Any CPU
		{2C20B391-982E-485F-80F3-20FC92F9D739}.Debug|x64.ActiveCfg = Debug|x64
		{2C20B391-982E-485F-80F3-20FC92F9D739}.Debug|x64.Build.0 = Debug|x64
		{2C20B391-982E-485F-80F3-20FC92F9D739}.Debug|x86.ActiveCfg = Debug|x86
		{2C20B391-982E-485F-80F3-20FC92F9D739}.Debug|x86.Build.0 = Debug|x86
		{2C20B391-982E-485F-80F3-20FC92F9D739}.Release|Any CPU.ActiveCfg = Release|Any CPU
		{2C20B391-982E-485F-80F3-20FC92F9D739}.Release|Any CPU.Build.0 = Release|Any CPU
		{2C20B391-982E-485F-80F3-20FC92F9D739}.Release|x64.ActiveCfg = Release|x64
		{2C20B391-982E-485F-80F3-20FC92F9D739}.Release|x64.Build.0 = Release|x64
		{2C20B391-982E-485F-80F3-20FC92F9D739}.Release|x86.ActiveCfg = Release|x86
		{2C20B391-982E-485F-80F3-20FC92F9D739}.Release|x86.Build.0 = Release|x86
	EndGlobalSection
	GlobalSection(SolutionProperties) = preSolution
		HideSolutionNode = FALSE
	EndGlobalSection
	GlobalSection(ExtensibilityGlobals) = postSolution
		SolutionGuid = {6E723887-E972-4E2C-BF13-05D304BC6EC9}
	EndGlobalSection
EndGlobal
